
Microsoft Visual Studio Solution File, Format Version 12.00
# Visual Studio Version 16
VisualStudioVersion = 16.0.31702.278
MinimumVisualStudioVersion = 10.0.40219.1
Project("{FAE04EC0-301F-11D3-BF4B-00C04F79EFBC}") = "Superweb", "Superweb\Superweb.csproj", "{D44C2675-8C93-4F98-9C2A-7CD3AF2BD6A1}"
EndProject
Global
	GlobalSection(SolutionConfigurationPlatforms) = preSolution
		Debug|Any CPU = Debug|Any CPU
		Release|Any CPU = Release|Any CPU
	EndGlobalSection
	GlobalSection(ProjectConfigurationPlatforms) = postSolution
		{D44C2675-8C93-4F98-9C2A-7CD3AF2BD6A1}.Debug|Any CPU.ActiveCfg = Debug|Any CPU
		{D44C2675-8C93-4F98-9C2A-7CD3AF2BD6A1}.Debug|Any CPU.Build.0 = Debug|Any CPU
		{D44C2675-8C93-4F98-9C2A-7CD3AF2BD6A1}.Release|Any CPU.ActiveCfg = Release|Any CPU
		{D44C2675-8C93-4F98-9C2A-7CD3AF2BD6A1}.Release|Any CPU.Build.0 = Release|Any CPU
	EndGlobalSection
	GlobalSection(SolutionProperties) = preSolution
		HideSolutionNode = FALSE
	EndGlobalSection
	GlobalSection(ExtensibilityGlobals) = postSolution
		SolutionGuid = {C39B13F6-B71C-4AA1-BEF6-1D7AE7C500C7}
	EndGlobalSection
EndGlobal
